
Microsoft Visual Studio Solution File, Format Version 12.00
# Visual Studio Version 16
VisualStudioVersion = 16.0.30204.135
MinimumVisualStudioVersion = 10.0.40219.1
Project("{FAE04EC0-301F-11D3-BF4B-00C04F79EFBC}") = "Sevlix-API", "Sevlix-API\Sevlix-API.csproj", "{2CD51D74-CE3B-46ED-A4CD-DA2649A6D5B4}"
EndProject
Project("{FAE04EC0-301F-11D3-BF4B-00C04F79EFBC}") = "Sevlix-Model", "Sevlix-Model\Sevlix-Model.csproj", "{430B0A29-3C91-4E19-93E2-B207514A5727}"
EndProject
Project("{FAE04EC0-301F-11D3-BF4B-00C04F79EFBC}") = "Sevlix-WebApp", "Sevlix-WebApp\Sevlix-WebApp.csproj", "{1E14D3D4-A01E-490F-9D08-18D6920C313D}"
EndProject
Global
	GlobalSection(SolutionConfigurationPlatforms) = preSolution
		Debug|Any CPU = Debug|Any CPU
		Release|Any CPU = Release|Any CPU
	EndGlobalSection
	GlobalSection(ProjectConfigurationPlatforms) = postSolution
		{2CD51D74-CE3B-46ED-A4CD-DA2649A6D5B4}.Debug|Any CPU.ActiveCfg = Debug|Any CPU
		{2CD51D74-CE3B-46ED-A4CD-DA2649A6D5B4}.Debug|Any CPU.Build.0 = Debug|Any CPU
		{2CD51D74-CE3B-46ED-A4CD-DA2649A6D5B4}.Release|Any CPU.ActiveCfg = Release|Any CPU
		{2CD51D74-CE3B-46ED-A4CD-DA2649A6D5B4}.Release|Any CPU.Build.0 = Release|Any CPU
		{430B0A29-3C91-4E19-93E2-B207514A5727}.Debug|Any CPU.ActiveCfg = Debug|Any CPU
		{430B0A29-3C91-4E19-93E2-B207514A5727}.Debug|Any CPU.Build.0 = Debug|Any CPU
		{430B0A29-3C91-4E19-93E2-B207514A5727}.Release|Any CPU.ActiveCfg = Release|Any CPU
		{430B0A29-3C91-4E19-93E2-B207514A5727}.Release|Any CPU.Build.0 = Release|Any CPU
		{1E14D3D4-A01E-490F-9D08-18D6920C313D}.Debug|Any CPU.ActiveCfg = Debug|Any CPU
		{1E14D3D4-A01E-490F-9D08-18D6920C313D}.Debug|Any CPU.Build.0 = Debug|Any CPU
		{1E14D3D4-A01E-490F-9D08-18D6920C313D}.Release|Any CPU.ActiveCfg = Release|Any CPU
		{1E14D3D4-A01E-490F-9D08-18D6920C313D}.Release|Any CPU.Build.0 = Release|Any CPU
	EndGlobalSection
	GlobalSection(SolutionProperties) = preSolution
		HideSolutionNode = FALSE
	EndGlobalSection
	GlobalSection(ExtensibilityGlobals) = postSolution
		SolutionGuid = {CAA04649-A045-4B81-ADCB-FDC51F30C8C7}
	EndGlobalSection
EndGlobal
